
Microsoft Visual Studio Solution File, Format Version 12.00
# Visual Studio Version 17
VisualStudioVersion = 17.8.34309.116
MinimumVisualStudioVersion = 10.0.40219.1
Project("{2150E333-8FDC-42A3-9474-1A3956D46DE8}") = "3.Sqs", "3.Sqs", "{AE28BEE1-B578-439A-B596-D991B9851F5A}"
EndProject
Project("{2150E333-8FDC-42A3-9474-1A3956D46DE8}") = "4.Sns", "4.Sns", "{BA648C25-CB9E-4FAA-AF91-86A37CCEA382}"
EndProject
Project("{2150E333-8FDC-42A3-9474-1A3956D46DE8}") = "5.DynamoDb", "5.DynamoDb", "{2C17779A-FD5B-4980-BEB0-4A19912178B7}"
EndProject
Project("{2150E333-8FDC-42A3-9474-1A3956D46DE8}") = "6.S3", "6.S3", "{6CC73189-9356-4EE7-B061-73D9395C30AC}"
EndProject
Project("{2150E333-8FDC-42A3-9474-1A3956D46DE8}") = "7.SecretsManager", "7.SecretsManager", "{8D27D9CA-8D14-4CD6-9827-A0837CFB03C3}"
EndProject
Project("{2150E333-8FDC-42A3-9474-1A3956D46DE8}") = "8.Lambda", "8.Lambda", "{DC84F474-F046-44B8-8D2E-BCE6A285FDF5}"
EndProject
Project("{9A19103F-16F7-4668-BE54-9A1E7A4F7556}") = "SQSPublisher", "3.Sqs\SQSPublisher\SQSPublisher.csproj", "{CB2BEC06-E541-44AE-8D8C-4E32DC65FF79}"
EndProject
Project("{9A19103F-16F7-4668-BE54-9A1E7A4F7556}") = "SQSConsumer", "3.Sqs\SQSConsumer\SQSConsumer.csproj", "{7D5126D6-0B36-4C80-95CA-4CCA24C5722B}"
EndProject
Project("{9A19103F-16F7-4668-BE54-9A1E7A4F7556}") = "Customer.Consumer.Api", "3.Sqs\Customer.Consumer.Api\Customer.Consumer.Api.csproj", "{82AFB3C9-0F91-4A26-BF25-46CF8EA8BB65}"
EndProject
Project("{9A19103F-16F7-4668-BE54-9A1E7A4F7556}") = "SNS.Publisher", "4.Sns\Sns.Publisher\SNS.Publisher.csproj", "{E800A20D-7D7A-4A48-8594-5D70B841AB0D}"
EndProject
Project("{9A19103F-16F7-4668-BE54-9A1E7A4F7556}") = "SNS.Subscriber.SQS", "4.Sns\SNS.Subscriber.SQS\SNS.Subscriber.SQS.csproj", "{0C63B61B-EC19-4C89-B95B-E6FB64B20664}"
EndProject
Project("{9A19103F-16F7-4668-BE54-9A1E7A4F7556}") = "Customers.Publisher.Api", "4.Sns\Customers.Publisher.Api\Customers.Publisher.Api.csproj", "{1906A9F5-B078-4F85-8FBA-F58E1F6B9E0E}"
EndProject
Project("{9A19103F-16F7-4668-BE54-9A1E7A4F7556}") = "Customer.Publisher.Api", "3.Sqs\Customer.Publisher.Api\Customer.Publisher.Api.csproj", "{CC6F4578-3626-4C91-B29E-CD4E789AEA71}"
EndProject
Project("{9A19103F-16F7-4668-BE54-9A1E7A4F7556}") = "Customers.Api", "5.DynamoDb\Customers.Api\Customers.Api.csproj", "{C1F8CFCF-C8A1-4FC6-9191-7889AA37315E}"
EndProject
Project("{9A19103F-16F7-4668-BE54-9A1E7A4F7556}") = "Movies.Api", "5.DynamoDb\Movies.Api\Movies.Api.csproj", "{C61F3276-415A-4616-9D58-FC2B0936EFCC}"
EndProject
Project("{9A19103F-16F7-4668-BE54-9A1E7A4F7556}") = "S3Playground", "6.S3\S3Playground\S3Playground.csproj", "{F6D2795E-E0DF-4DCD-BE9E-F30B4D8B3B38}"
EndProject
Project("{9A19103F-16F7-4668-BE54-9A1E7A4F7556}") = "Customers.Api", "6.S3\Customers.Api\Customers.Api.csproj", "{84375B7A-6C81-48F8-A5F8-3AADC004F10A}"
EndProject
Project("{9A19103F-16F7-4668-BE54-9A1E7A4F7556}") = "SecretsManager.ConApp", "7.SecretsManager\SecretsManager.ConApp\SecretsManager.ConApp.csproj", "{E50FDE1A-6509-4A82-8837-2E2C77FC15C8}"
EndProject
Project("{9A19103F-16F7-4668-BE54-9A1E7A4F7556}") = "Weather.Api", "7.SecretsManager\Weather.Api\Weather.Api.csproj", "{2F2970E1-2938-4E4A-A7FD-4C1E1DC83BF0}"
EndProject
Global
	GlobalSection(SolutionConfigurationPlatforms) = preSolution
		Debug|Any CPU = Debug|Any CPU
		Release|Any CPU = Release|Any CPU
	EndGlobalSection
	GlobalSection(ProjectConfigurationPlatforms) = postSolution
		{CB2BEC06-E541-44AE-8D8C-4E32DC65FF79}.Debug|Any CPU.ActiveCfg = Debug|Any CPU
		{CB2BEC06-E541-44AE-8D8C-4E32DC65FF79}.Debug|Any CPU.Build.0 = Debug|Any CPU
		{CB2BEC06-E541-44AE-8D8C-4E32DC65FF79}.Release|Any CPU.ActiveCfg = Release|Any CPU
		{CB2BEC06-E541-44AE-8D8C-4E32DC65FF79}.Release|Any CPU.Build.0 = Release|Any CPU
		{7D5126D6-0B36-4C80-95CA-4CCA24C5722B}.Debug|Any CPU.ActiveCfg = Debug|Any CPU
		{7D5126D6-0B36-4C80-95CA-4CCA24C5722B}.Debug|Any CPU.Build.0 = Debug|Any CPU
		{7D5126D6-0B36-4C80-95CA-4CCA24C5722B}.Release|Any CPU.ActiveCfg = Release|Any CPU
		{7D5126D6-0B36-4C80-95CA-4CCA24C5722B}.Release|Any CPU.Build.0 = Release|Any CPU
		{82AFB3C9-0F91-4A26-BF25-46CF8EA8BB65}.Debug|Any CPU.ActiveCfg = Debug|Any CPU
		{82AFB3C9-0F91-4A26-BF25-46CF8EA8BB65}.Debug|Any CPU.Build.0 = Debug|Any CPU
		{82AFB3C9-0F91-4A26-BF25-46CF8EA8BB65}.Release|Any CPU.ActiveCfg = Release|Any CPU
		{82AFB3C9-0F91-4A26-BF25-46CF8EA8BB65}.Release|Any CPU.Build.0 = Release|Any CPU
		{E800A20D-7D7A-4A48-8594-5D70B841AB0D}.Debug|Any CPU.ActiveCfg = Debug|Any CPU
		{E800A20D-7D7A-4A48-8594-5D70B841AB0D}.Debug|Any CPU.Build.0 = Debug|Any CPU
		{E800A20D-7D7A-4A48-8594-5D70B841AB0D}.Release|Any CPU.ActiveCfg = Release|Any CPU
		{E800A20D-7D7A-4A48-8594-5D70B841AB0D}.Release|Any CPU.Build.0 = Release|Any CPU
		{0C63B61B-EC19-4C89-B95B-E6FB64B20664}.Debug|Any CPU.ActiveCfg = Debug|Any CPU
		{0C63B61B-EC19-4C89-B95B-E6FB64B20664}.Debug|Any CPU.Build.0 = Debug|Any CPU
		{0C63B61B-EC19-4C89-B95B-E6FB64B20664}.Release|Any CPU.ActiveCfg = Release|Any CPU
		{0C63B61B-EC19-4C89-B95B-E6FB64B20664}.Release|Any CPU.Build.0 = Release|Any CPU
		{1906A9F5-B078-4F85-8FBA-F58E1F6B9E0E}.Debug|Any CPU.ActiveCfg = Debug|Any CPU
		{1906A9F5-B078-4F85-8FBA-F58E1F6B9E0E}.Debug|Any CPU.Build.0 = Debug|Any CPU
		{1906A9F5-B078-4F85-8FBA-F58E1F6B9E0E}.Release|Any CPU.ActiveCfg = Release|Any CPU
		{1906A9F5-B078-4F85-8FBA-F58E1F6B9E0E}.Release|Any CPU.Build.0 = Release|Any CPU
		{CC6F4578-3626-4C91-B29E-CD4E789AEA71}.Debug|Any CPU.ActiveCfg = Debug|Any CPU
		{CC6F4578-3626-4C91-B29E-CD4E789AEA71}.Debug|Any CPU.Build.0 = Debug|Any CPU
		{CC6F4578-3626-4C91-B29E-CD4E789AEA71}.Release|Any CPU.ActiveCfg = Release|Any CPU
		{CC6F4578-3626-4C91-B29E-CD4E789AEA71}.Release|Any CPU.Build.0 = Release|Any CPU
		{C1F8CFCF-C8A1-4FC6-9191-7889AA37315E}.Debug|Any CPU.ActiveCfg = Debug|Any CPU
		{C1F8CFCF-C8A1-4FC6-9191-7889AA37315E}.Debug|Any CPU.Build.0 = Debug|Any CPU
		{C1F8CFCF-C8A1-4FC6-9191-7889AA37315E}.Release|Any CPU.ActiveCfg = Release|Any CPU
		{C1F8CFCF-C8A1-4FC6-9191-7889AA37315E}.Release|Any CPU.Build.0 = Release|Any CPU
		{C61F3276-415A-4616-9D58-FC2B0936EFCC}.Debug|Any CPU.ActiveCfg = Debug|Any CPU
		{C61F3276-415A-4616-9D58-FC2B0936EFCC}.Debug|Any CPU.Build.0 = Debug|Any CPU
		{C61F3276-415A-4616-9D58-FC2B0936EFCC}.Release|Any CPU.ActiveCfg = Release|Any CPU
		{C61F3276-415A-4616-9D58-FC2B0936EFCC}.Release|Any CPU.Build.0 = Release|Any CPU
		{F6D2795E-E0DF-4DCD-BE9E-F30B4D8B3B38}.Debug|Any CPU.ActiveCfg = Debug|Any CPU
		{F6D2795E-E0DF-4DCD-BE9E-F30B4D8B3B38}.Debug|Any CPU.Build.0 = Debug|Any CPU
		{F6D2795E-E0DF-4DCD-BE9E-F30B4D8B3B38}.Release|Any CPU.ActiveCfg = Release|Any CPU
		{F6D2795E-E0DF-4DCD-BE9E-F30B4D8B3B38}.Release|Any CPU.Build.0 = Release|Any CPU
		{84375B7A-6C81-48F8-A5F8-3AADC004F10A}.Debug|Any CPU.ActiveCfg = Debug|Any CPU
		{84375B7A-6C81-48F8-A5F8-3AADC004F10A}.Debug|Any CPU.Build.0 = Debug|Any CPU
		{84375B7A-6C81-48F8-A5F8-3AADC004F10A}.Release|Any CPU.ActiveCfg = Release|Any CPU
		{84375B7A-6C81-48F8-A5F8-3AADC004F10A}.Release|Any CPU.Build.0 = Release|Any CPU
		{E50FDE1A-6509-4A82-8837-2E2C77FC15C8}.Debug|Any CPU.ActiveCfg = Debug|Any CPU
		{E50FDE1A-6509-4A82-8837-2E2C77FC15C8}.Debug|Any CPU.Build.0 = Debug|Any CPU
		{E50FDE1A-6509-4A82-8837-2E2C77FC15C8}.Release|Any CPU.ActiveCfg = Release|Any CPU
		{E50FDE1A-6509-4A82-8837-2E2C77FC15C8}.Release|Any CPU.Build.0 = Release|Any CPU
		{2F2970E1-2938-4E4A-A7FD-4C1E1DC83BF0}.Debug|Any CPU.ActiveCfg = Debug|Any CPU
		{2F2970E1-2938-4E4A-A7FD-4C1E1DC83BF0}.Debug|Any CPU.Build.0 = Debug|Any CPU
		{2F2970E1-2938-4E4A-A7FD-4C1E1DC83BF0}.Release|Any CPU.ActiveCfg = Release|Any CPU
		{2F2970E1-2938-4E4A-A7FD-4C1E1DC83BF0}.Release|Any CPU.Build.0 = Release|Any CPU
	EndGlobalSection
	GlobalSection(SolutionProperties) = preSolution
		HideSolutionNode = FALSE
	EndGlobalSection
	GlobalSection(NestedProjects) = preSolution
		{CB2BEC06-E541-44AE-8D8C-4E32DC65FF79} = {AE28BEE1-B578-439A-B596-D991B9851F5A}
		{7D5126D6-0B36-4C80-95CA-4CCA24C5722B} = {AE28BEE1-B578-439A-B596-D991B9851F5A}
		{82AFB3C9-0F91-4A26-BF25-46CF8EA8BB65} = {AE28BEE1-B578-439A-B596-D991B9851F5A}
		{E800A20D-7D7A-4A48-8594-5D70B841AB0D} = {BA648C25-CB9E-4FAA-AF91-86A37CCEA382}
		{0C63B61B-EC19-4C89-B95B-E6FB64B20664} = {BA648C25-CB9E-4FAA-AF91-86A37CCEA382}
		{1906A9F5-B078-4F85-8FBA-F58E1F6B9E0E} = {BA648C25-CB9E-4FAA-AF91-86A37CCEA382}
		{CC6F4578-3626-4C91-B29E-CD4E789AEA71} = {AE28BEE1-B578-439A-B596-D991B9851F5A}
		{C1F8CFCF-C8A1-4FC6-9191-7889AA37315E} = {2C17779A-FD5B-4980-BEB0-4A19912178B7}
		{C61F3276-415A-4616-9D58-FC2B0936EFCC} = {2C17779A-FD5B-4980-BEB0-4A19912178B7}
		{F6D2795E-E0DF-4DCD-BE9E-F30B4D8B3B38} = {6CC73189-9356-4EE7-B061-73D9395C30AC}
		{84375B7A-6C81-48F8-A5F8-3AADC004F10A} = {6CC73189-9356-4EE7-B061-73D9395C30AC}
		{E50FDE1A-6509-4A82-8837-2E2C77FC15C8} = {8D27D9CA-8D14-4CD6-9827-A0837CFB03C3}
		{2F2970E1-2938-4E4A-A7FD-4C1E1DC83BF0} = {8D27D9CA-8D14-4CD6-9827-A0837CFB03C3}
	EndGlobalSection
	GlobalSection(ExtensibilityGlobals) = postSolution
		SolutionGuid = {947232E2-1B49-4C9B-83C8-5E134ED1A93F}
	EndGlobalSection
EndGlobal
